
Microsoft Visual Studio Solution File, Format Version 12.00
# Visual Studio Version 17
VisualStudioVersion = 17.0.31919.166
MinimumVisualStudioVersion = 10.0.40219.1
Project("{9A19103F-16F7-4668-BE54-9A1E7A4F7556}") = "SignalRApp", "SignalRApp\SignalRApp.csproj", "{ACAA09FC-BE21-4D44-9056-1188BA3C699A}"
EndProject
Project("{9A19103F-16F7-4668-BE54-9A1E7A4F7556}") = "LaunchVehicle", "LaunchVehicle\LaunchVehicle.csproj", "{A80558B5-CE1D-4CC9-BE4C-2C9B61DD6F14}"
EndProject
Project("{FAE04EC0-301F-11D3-BF4B-00C04F79EFBC}") = "Seeder", "Seeder\Seeder.csproj", "{A3DA0CA5-BBD9-4F2E-A425-47C3D423A890}"
EndProject
Global
	GlobalSection(SolutionConfigurationPlatforms) = preSolution
		Debug|Any CPU = Debug|Any CPU
		Release|Any CPU = Release|Any CPU
	EndGlobalSection
	GlobalSection(ProjectConfigurationPlatforms) = postSolution
		{ACAA09FC-BE21-4D44-9056-1188BA3C699A}.Debug|Any CPU.ActiveCfg = Debug|Any CPU
		{ACAA09FC-BE21-4D44-9056-1188BA3C699A}.Debug|Any CPU.Build.0 = Debug|Any CPU
		{ACAA09FC-BE21-4D44-9056-1188BA3C699A}.Release|Any CPU.ActiveCfg = Release|Any CPU
		{ACAA09FC-BE21-4D44-9056-1188BA3C699A}.Release|Any CPU.Build.0 = Release|Any CPU
		{A80558B5-CE1D-4CC9-BE4C-2C9B61DD6F14}.Debug|Any CPU.ActiveCfg = Debug|Any CPU
		{A80558B5-CE1D-4CC9-BE4C-2C9B61DD6F14}.Debug|Any CPU.Build.0 = Debug|Any CPU
		{A80558B5-CE1D-4CC9-BE4C-2C9B61DD6F14}.Release|Any CPU.ActiveCfg = Release|Any CPU
		{A80558B5-CE1D-4CC9-BE4C-2C9B61DD6F14}.Release|Any CPU.Build.0 = Release|Any CPU
		{A3DA0CA5-BBD9-4F2E-A425-47C3D423A890}.Debug|Any CPU.ActiveCfg = Debug|Any CPU
		{A3DA0CA5-BBD9-4F2E-A425-47C3D423A890}.Debug|Any CPU.Build.0 = Debug|Any CPU
		{A3DA0CA5-BBD9-4F2E-A425-47C3D423A890}.Release|Any CPU.ActiveCfg = Release|Any CPU
		{A3DA0CA5-BBD9-4F2E-A425-47C3D423A890}.Release|Any CPU.Build.0 = Release|Any CPU
	EndGlobalSection
	GlobalSection(SolutionProperties) = preSolution
		HideSolutionNode = FALSE
	EndGlobalSection
	GlobalSection(ExtensibilityGlobals) = postSolution
		SolutionGuid = {14D2AF25-DD46-4E48-A7F6-E5364950DB01}
	EndGlobalSection
EndGlobal
